
Microsoft Visual Studio Solution File, Format Version 12.00
# Visual Studio 14
VisualStudioVersion = 14.0.25420.1
MinimumVisualStudioVersion = 10.0.40219.1
Project("{FAE04EC0-301F-11D3-BF4B-00C04F79EFBC}") = "Peigen.WebApi", "Peigen.WebApi\Peigen.WebApi.csproj", "{C7F31659-771F-4102-AEC1-E19BC4CD92E6}"
EndProject
Project("{FAE04EC0-301F-11D3-BF4B-00C04F79EFBC}") = "Peigen.WebApi.Tests", "Peigen.WebApi.Tests\Peigen.WebApi.Tests.csproj", "{ED102457-2F86-435C-88F3-4CD10C09DAA0}"
EndProject
Project("{2150E333-8FDC-42A3-9474-1A3956D46DE8}") = "1.WebApi", "1.WebApi", "{7D34A12A-0C31-4459-A068-9C9B17252469}"
EndProject
Project("{2150E333-8FDC-42A3-9474-1A3956D46DE8}") = "7.UnitTests", "7.UnitTests", "{E2736FBE-E35D-497A-86CE-9CFB9CA89399}"
EndProject
Project("{2150E333-8FDC-42A3-9474-1A3956D46DE8}") = "3.Infrastructures", "3.Infrastructures", "{6528F7E5-BBA4-4ED8-BA61-821BBB155232}"
EndProject
Project("{2150E333-8FDC-42A3-9474-1A3956D46DE8}") = "4.Domain", "4.Domain", "{1DBF519C-C0EF-455E-B54D-64C6BA56BC79}"
EndProject
Project("{2150E333-8FDC-42A3-9474-1A3956D46DE8}") = "5.Framework", "5.Framework", "{79AE9228-0EA5-4572-BD5F-3289583914F2}"
EndProject
Project("{2150E333-8FDC-42A3-9474-1A3956D46DE8}") = "2.Application", "2.Application", "{7B6955E4-0000-4F5E-A640-71F91B719C0A}"
EndProject
Project("{2150E333-8FDC-42A3-9474-1A3956D46DE8}") = "6.Common", "6.Common", "{DFDB528F-A1C3-4662-B6BD-567A6218C466}"
EndProject
Project("{FAE04EC0-301F-11D3-BF4B-00C04F79EFBC}") = "Peigen.Repository", "Peigen.Repository\Peigen.Repository.csproj", "{8E2903D7-0D5A-4C50-9EF7-F94DC56CF43D}"
EndProject
Project("{FAE04EC0-301F-11D3-BF4B-00C04F79EFBC}") = "Peigen.Common", "Peigen.Common\Peigen.Common.csproj", "{3AF53051-12F5-43B9-B77F-12043B702E48}"
EndProject
Project("{FAE04EC0-301F-11D3-BF4B-00C04F79EFBC}") = "Peigen.Domain", "Peigen.Domain\Peigen.Domain.csproj", "{B997F187-8E2B-44E6-AB77-D3024D63809F}"
EndProject
Project("{FAE04EC0-301F-11D3-BF4B-00C04F79EFBC}") = "Peigen.Service", "Peigen.Service\Peigen.Service.csproj", "{50723D84-D977-469F-855B-EA77FD3A8BF7}"
EndProject
Project("{2150E333-8FDC-42A3-9474-1A3956D46DE8}") = "Template2Sql", "Template2Sql", "{EE2B6045-C11F-491D-BF70-E3D891DE5700}"
	ProjectSection(SolutionItems) = preProject
		C:\Users\Administrator\Desktop\TemplateV2SQL\Common.cs = C:\Users\Administrator\Desktop\TemplateV2SQL\Common.cs
		C:\Users\Administrator\Desktop\TemplateV2SQL\CommonOracle.cs = C:\Users\Administrator\Desktop\TemplateV2SQL\CommonOracle.cs
		C:\Users\Administrator\Desktop\TemplateV2SQL\MyBLL.cst = C:\Users\Administrator\Desktop\TemplateV2SQL\MyBLL.cst
		C:\Users\Administrator\Desktop\TemplateV2SQL\MyBLLBase.cst = C:\Users\Administrator\Desktop\TemplateV2SQL\MyBLLBase.cst
		C:\Users\Administrator\Desktop\TemplateV2SQL\MyDALFactory.cst = C:\Users\Administrator\Desktop\TemplateV2SQL\MyDALFactory.cst
		C:\Users\Administrator\Desktop\TemplateV2SQL\MyDALHelper.cst = C:\Users\Administrator\Desktop\TemplateV2SQL\MyDALHelper.cst
		C:\Users\Administrator\Desktop\TemplateV2SQL\MyIDAL.cst = C:\Users\Administrator\Desktop\TemplateV2SQL\MyIDAL.cst
		C:\Users\Administrator\Desktop\TemplateV2SQL\MyIDALBase.cst = C:\Users\Administrator\Desktop\TemplateV2SQL\MyIDALBase.cst
		C:\Users\Administrator\Desktop\TemplateV2SQL\MyModelObject.cst = C:\Users\Administrator\Desktop\TemplateV2SQL\MyModelObject.cst
		C:\Users\Administrator\Desktop\TemplateV2SQL\MyOracleDAL.cst = C:\Users\Administrator\Desktop\TemplateV2SQL\MyOracleDAL.cst
		C:\Users\Administrator\Desktop\TemplateV2SQL\MySQLServerDAL.cst = C:\Users\Administrator\Desktop\TemplateV2SQL\MySQLServerDAL.cst
		C:\Users\Administrator\Desktop\TemplateV2SQL\MyTemplate.csp = C:\Users\Administrator\Desktop\TemplateV2SQL\MyTemplate.csp
		C:\Users\Administrator\Desktop\TemplateV2SQL\MyTemplate.cst = C:\Users\Administrator\Desktop\TemplateV2SQL\MyTemplate.cst
	EndProjectSection
EndProject
Global
	GlobalSection(SolutionConfigurationPlatforms) = preSolution
		Debug|Any CPU = Debug|Any CPU
		Release|Any CPU = Release|Any CPU
	EndGlobalSection
	GlobalSection(ProjectConfigurationPlatforms) = postSolution
		{C7F31659-771F-4102-AEC1-E19BC4CD92E6}.Debug|Any CPU.ActiveCfg = Debug|Any CPU
		{C7F31659-771F-4102-AEC1-E19BC4CD92E6}.Debug|Any CPU.Build.0 = Debug|Any CPU
		{C7F31659-771F-4102-AEC1-E19BC4CD92E6}.Release|Any CPU.ActiveCfg = Release|Any CPU
		{C7F31659-771F-4102-AEC1-E19BC4CD92E6}.Release|Any CPU.Build.0 = Release|Any CPU
		{ED102457-2F86-435C-88F3-4CD10C09DAA0}.Debug|Any CPU.ActiveCfg = Debug|Any CPU
		{ED102457-2F86-435C-88F3-4CD10C09DAA0}.Debug|Any CPU.Build.0 = Debug|Any CPU
		{ED102457-2F86-435C-88F3-4CD10C09DAA0}.Release|Any CPU.ActiveCfg = Release|Any CPU
		{ED102457-2F86-435C-88F3-4CD10C09DAA0}.Release|Any CPU.Build.0 = Release|Any CPU
		{8E2903D7-0D5A-4C50-9EF7-F94DC56CF43D}.Debug|Any CPU.ActiveCfg = Debug|Any CPU
		{8E2903D7-0D5A-4C50-9EF7-F94DC56CF43D}.Debug|Any CPU.Build.0 = Debug|Any CPU
		{8E2903D7-0D5A-4C50-9EF7-F94DC56CF43D}.Release|Any CPU.ActiveCfg = Release|Any CPU
		{8E2903D7-0D5A-4C50-9EF7-F94DC56CF43D}.Release|Any CPU.Build.0 = Release|Any CPU
		{3AF53051-12F5-43B9-B77F-12043B702E48}.Debug|Any CPU.ActiveCfg = Debug|Any CPU
		{3AF53051-12F5-43B9-B77F-12043B702E48}.Debug|Any CPU.Build.0 = Debug|Any CPU
		{3AF53051-12F5-43B9-B77F-12043B702E48}.Release|Any CPU.ActiveCfg = Release|Any CPU
		{3AF53051-12F5-43B9-B77F-12043B702E48}.Release|Any CPU.Build.0 = Release|Any CPU
		{B997F187-8E2B-44E6-AB77-D3024D63809F}.Debug|Any CPU.ActiveCfg = Debug|Any CPU
		{B997F187-8E2B-44E6-AB77-D3024D63809F}.Debug|Any CPU.Build.0 = Debug|Any CPU
		{B997F187-8E2B-44E6-AB77-D3024D63809F}.Release|Any CPU.ActiveCfg = Release|Any CPU
		{B997F187-8E2B-44E6-AB77-D3024D63809F}.Release|Any CPU.Build.0 = Release|Any CPU
		{50723D84-D977-469F-855B-EA77FD3A8BF7}.Debug|Any CPU.ActiveCfg = Debug|Any CPU
		{50723D84-D977-469F-855B-EA77FD3A8BF7}.Debug|Any CPU.Build.0 = Debug|Any CPU
		{50723D84-D977-469F-855B-EA77FD3A8BF7}.Release|Any CPU.ActiveCfg = Release|Any CPU
		{50723D84-D977-469F-855B-EA77FD3A8BF7}.Release|Any CPU.Build.0 = Release|Any CPU
	EndGlobalSection
	GlobalSection(SolutionProperties) = preSolution
		HideSolutionNode = FALSE
	EndGlobalSection
	GlobalSection(NestedProjects) = preSolution
		{C7F31659-771F-4102-AEC1-E19BC4CD92E6} = {7D34A12A-0C31-4459-A068-9C9B17252469}
		{ED102457-2F86-435C-88F3-4CD10C09DAA0} = {E2736FBE-E35D-497A-86CE-9CFB9CA89399}
		{8E2903D7-0D5A-4C50-9EF7-F94DC56CF43D} = {6528F7E5-BBA4-4ED8-BA61-821BBB155232}
		{3AF53051-12F5-43B9-B77F-12043B702E48} = {DFDB528F-A1C3-4662-B6BD-567A6218C466}
		{B997F187-8E2B-44E6-AB77-D3024D63809F} = {1DBF519C-C0EF-455E-B54D-64C6BA56BC79}
		{50723D84-D977-469F-855B-EA77FD3A8BF7} = {7B6955E4-0000-4F5E-A640-71F91B719C0A}
		{EE2B6045-C11F-491D-BF70-E3D891DE5700} = {DFDB528F-A1C3-4662-B6BD-567A6218C466}
	EndGlobalSection
EndGlobal
